
Microsoft Visual Studio Solution File, Format Version 12.00
# Visual Studio 15
VisualStudioVersion = 15.0.28307.329
MinimumVisualStudioVersion = 10.0.40219.1
Project("{9A19103F-16F7-4668-BE54-9A1E7A4F7556}") = "Order_Restaurant-Ex_Proposto", "Order_Restaurant-Ex_Proposto\Order_Restaurant-Ex_Proposto.csproj", "{980D67CA-9008-448D-989D-9ED0F1D03933}"
EndProject
Global
	GlobalSection(SolutionConfigurationPlatforms) = preSolution
		Debug|Any CPU = Debug|Any CPU
		Release|Any CPU = Release|Any CPU
	EndGlobalSection
	GlobalSection(ProjectConfigurationPlatforms) = postSolution
		{980D67CA-9008-448D-989D-9ED0F1D03933}.Debug|Any CPU.ActiveCfg = Debug|Any CPU
		{980D67CA-9008-448D-989D-9ED0F1D03933}.Debug|Any CPU.Build.0 = Debug|Any CPU
		{980D67CA-9008-448D-989D-9ED0F1D03933}.Release|Any CPU.ActiveCfg = Release|Any CPU
		{980D67CA-9008-448D-989D-9ED0F1D03933}.Release|Any CPU.Build.0 = Release|Any CPU
	EndGlobalSection
	GlobalSection(SolutionProperties) = preSolution
		HideSolutionNode = FALSE
	EndGlobalSection
	GlobalSection(ExtensibilityGlobals) = postSolution
		SolutionGuid = {184BAA4C-19E8-4CF7-BDBA-A4F75EF1DFAD}
	EndGlobalSection
EndGlobal
