
Microsoft Visual Studio Solution File, Format Version 12.00
# Visual Studio 15
VisualStudioVersion = 15.0.28307.329
MinimumVisualStudioVersion = 10.0.40219.1
Project("{9A19103F-16F7-4668-BE54-9A1E7A4F7556}") = "Composicao_Worker", "Composicao_Exercicio_Resolvido\Composicao_Worker.csproj", "{10FC3E04-D003-4442-9B89-DB821AF31573}"
EndProject
Global
	GlobalSection(SolutionConfigurationPlatforms) = preSolution
		Debug|Any CPU = Debug|Any CPU
		Release|Any CPU = Release|Any CPU
	EndGlobalSection
	GlobalSection(ProjectConfigurationPlatforms) = postSolution
		{10FC3E04-D003-4442-9B89-DB821AF31573}.Debug|Any CPU.ActiveCfg = Debug|Any CPU
		{10FC3E04-D003-4442-9B89-DB821AF31573}.Debug|Any CPU.Build.0 = Debug|Any CPU
		{10FC3E04-D003-4442-9B89-DB821AF31573}.Release|Any CPU.ActiveCfg = Release|Any CPU
		{10FC3E04-D003-4442-9B89-DB821AF31573}.Release|Any CPU.Build.0 = Release|Any CPU
	EndGlobalSection
	GlobalSection(SolutionProperties) = preSolution
		HideSolutionNode = FALSE
	EndGlobalSection
	GlobalSection(ExtensibilityGlobals) = postSolution
		SolutionGuid = {184BAA4C-19E8-4CF7-BDBA-A4F75EF1DFAD}
	EndGlobalSection
EndGlobal
