
Microsoft Visual Studio Solution File, Format Version 12.00
# Visual Studio 15
VisualStudioVersion = 15.0.28307.329
MinimumVisualStudioVersion = 10.0.40219.1
Global
	GlobalSection(SolutionConfigurationPlatforms) = preSolution
		Debug|Any CPU = Debug|Any CPU
		Release|Any CPU = Release|Any CPU
	EndGlobalSection
	GlobalSection(ProjectConfigurationPlatforms) = postSolution
		{79E11998-B0AB-453E-AABA-4F56A2471D96}.Debug|Any CPU.ActiveCfg = Debug|Any CPU
		{79E11998-B0AB-453E-AABA-4F56A2471D96}.Debug|Any CPU.Build.0 = Debug|Any CPU
		{79E11998-B0AB-453E-AABA-4F56A2471D96}.Release|Any CPU.ActiveCfg = Release|Any CPU
		{79E11998-B0AB-453E-AABA-4F56A2471D96}.Release|Any CPU.Build.0 = Release|Any CPU
	EndGlobalSection
	GlobalSection(SolutionProperties) = preSolution
		HideSolutionNode = FALSE
	EndGlobalSection
	GlobalSection(ExtensibilityGlobals) = postSolution
		SolutionGuid = {184BAA4C-19E8-4CF7-BDBA-A4F75EF1DFAD}
	EndGlobalSection
EndGlobal
